
Microsoft Visual Studio Solution File, Format Version 12.00
# Visual Studio Version 17
VisualStudioVersion = 17.7.34024.191
MinimumVisualStudioVersion = 10.0.40219.1
Project("{FAE04EC0-301F-11D3-BF4B-00C04F79EFBC}") = "TimeTracker", "src\TimeTracker\TimeTracker.csproj", "{C57FA0D2-2033-4D48-932A-292130B06E22}"
EndProject
Global
	GlobalSection(SolutionConfigurationPlatforms) = preSolution
		Debug|Any CPU = Debug|Any CPU
		Release|Any CPU = Release|Any CPU
	EndGlobalSection
	GlobalSection(ProjectConfigurationPlatforms) = postSolution
		{C57FA0D2-2033-4D48-932A-292130B06E22}.Debug|Any CPU.ActiveCfg = Debug|Any CPU
		{C57FA0D2-2033-4D48-932A-292130B06E22}.Debug|Any CPU.Build.0 = Debug|Any CPU
		{C57FA0D2-2033-4D48-932A-292130B06E22}.Release|Any CPU.ActiveCfg = Release|Any CPU
		{C57FA0D2-2033-4D48-932A-292130B06E22}.Release|Any CPU.Build.0 = Release|Any CPU
	EndGlobalSection
	GlobalSection(SolutionProperties) = preSolution
		HideSolutionNode = FALSE
	EndGlobalSection
	GlobalSection(ExtensibilityGlobals) = postSolution
		SolutionGuid = {A912A3BC-7750-4BC8-9BD7-47F368F37325}
	EndGlobalSection
EndGlobal
